PODS:
  - FMDB (2.7.5):
    - FMDB/standard (= 2.7.5)
  - FMDB/standard (2.7.5)
  - GYDFoundation/Demo (0.0.5):
    - GYDFoundation/Demo/GYDDatabase (= 0.0.5)
    - GYDFoundation/Demo/GYDFoundation (= 0.0.5)
    - GYDFoundation/Demo/GYDHTTPConnect (= 0.0.5)
    - GYDFoundation/Demo/GYDJSONObject (= 0.0.5)
    - GYDFoundation/Demo/GYDShellTools (= 0.0.5)
  - GYDFoundation/Demo/GYDDatabase (0.0.5):
    - GYDFoundation/GYDDatabase
  - GYDFoundation/Demo/GYDFoundation (0.0.5):
    - GYDFoundation/GYDFoundation
  - GYDFoundation/Demo/GYDHTTPConnect (0.0.5):
    - GYDFoundation/GYDHTTPConnect
  - GYDFoundation/Demo/GYDJSONObject (0.0.5):
    - GYDFoundation/GYDJSONObject
  - GYDFoundation/Demo/GYDShellTools (0.0.5):
    - GYDFoundation/GYDShellTools
  - GYDFoundation/GYDDatabase (0.0.5):
    - FMDB
    - GYDFoundation/GYDFoundation
  - GYDFoundation/GYDFoundation (0.0.5)
  - GYDFoundation/GYDHTTPConnect (0.0.5):
    - GYDFoundation/GYDFoundation
  - GYDFoundation/GYDJSONObject (0.0.5):
    - GYDFoundation/GYDFoundation
  - GYDFoundation/GYDShellTools (0.0.5):
    - GYDFoundation/GYDFoundation
    - GYDFoundation/GYDHTTPConnect
  - GYDFoundation/Tests/GYDDatabase (0.0.5)
  - GYDFoundation/Tests/GYDFoundation (0.0.5)
  - GYDFoundation/Tests/GYDHTTPConnect (0.0.5)
  - GYDFoundation/Tests/GYDJSONObject (0.0.5)

DEPENDENCIES:
  - GYDFoundation/Demo (from `../`)
  - GYDFoundation/Tests/GYDDatabase (from `../`)
  - GYDFoundation/Tests/GYDFoundation (from `../`)
  - GYDFoundation/Tests/GYDHTTPConnect (from `../`)
  - GYDFoundation/Tests/GYDJSONObject (from `../`)

SPEC REPOS:
  trunk:
    - FMDB

EXTERNAL SOURCES:
  GYDFoundation:
    :path: "../"

SPEC CHECKSUMS:
  FMDB: 2ce00b547f966261cd18927a3ddb07cb6f3db82a
  GYDFoundation: 3a4414032c070e69e1ce12cc219821d85af9c8aa

PODFILE CHECKSUM: 8eb05d7562be79a1dae00ab529fd0e55e455e711

COCOAPODS: 1.10.0
