PODS:
  - FMDB (2.7.5):
    - FMDB/standard (= 2.7.5)
  - FMDB/standard (2.7.5)
  - GYDFoundation/GYDDatabase (0.0.5):
    - FMDB
    - GYDFoundation/GYDFoundation
  - GYDFoundation/GYDFoundation (0.0.5)
  - GYDFoundation/GYDHTTPConnect (0.0.5):
    - GYDFoundation/GYDFoundation
  - GYDFoundation/GYDJSONObject (0.0.5):
    - GYDFoundation/GYDFoundation
  - GYDFoundation/GYDShellTools (0.0.5):
    - GYDFoundation/GYDFoundation
    - GYDFoundation/GYDHTTPConnect
  - GYDFoundation/MacOSDemo (0.0.5):
    - GYDFoundation/MacOSDemo/GYDDatabase (= 0.0.5)
    - GYDFoundation/MacOSDemo/GYDFoundation (= 0.0.5)
    - GYDFoundation/MacOSDemo/GYDHTTPConnect (= 0.0.5)
    - GYDFoundation/MacOSDemo/GYDJSONObject (= 0.0.5)
    - GYDFoundation/MacOSDemo/GYDShellTools (= 0.0.5)
  - GYDFoundation/MacOSDemo/GYDDatabase (0.0.5):
    - GYDFoundation/GYDDatabase
  - GYDFoundation/MacOSDemo/GYDFoundation (0.0.5):
    - GYDFoundation/GYDFoundation
  - GYDFoundation/MacOSDemo/GYDHTTPConnect (0.0.5):
    - GYDFoundation/GYDHTTPConnect
  - GYDFoundation/MacOSDemo/GYDJSONObject (0.0.5):
    - GYDFoundation/GYDJSONObject
  - GYDFoundation/MacOSDemo/GYDShellTools (0.0.5):
    - GYDFoundation/GYDShellTools
  - GYDFoundation/Tests/GYDDatabase (0.0.5)
  - GYDFoundation/Tests/GYDFoundation (0.0.5)
  - GYDFoundation/Tests/GYDHTTPConnect (0.0.5)
  - GYDFoundation/Tests/GYDJSONObject (0.0.5)

DEPENDENCIES:
  - GYDFoundation/MacOSDemo (from `../`)
  - GYDFoundation/Tests/GYDDatabase (from `../`)
  - GYDFoundation/Tests/GYDFoundation (from `../`)
  - GYDFoundation/Tests/GYDHTTPConnect (from `../`)
  - GYDFoundation/Tests/GYDJSONObject (from `../`)

SPEC REPOS:
  trunk:
    - FMDB

EXTERNAL SOURCES:
  GYDFoundation:
    :path: "../"

SPEC CHECKSUMS:
  FMDB: 2ce00b547f966261cd18927a3ddb07cb6f3db82a
  GYDFoundation: 9c5af8b8ac7988d8a2ee80c31a5cfb9588db60ae

PODFILE CHECKSUM: 8cb9f60f33812482f9fc367d14461c8048295eff

COCOAPODS: 1.10.0
