// !$*UTF8*$!
{
	archiveVersion = 1;
	classes = {
	};
	objectVersion = 50;
	objects = {

/* Begin PBXBuildFile section */
		0C1EC7812189E60300DCFC14 /* AppDelegate.m in Sources */ = {isa = PBXBuildFile; fileRef = 0C1EC7802189E60300DCFC14 /* AppDelegate.m */; };
		0C1EC7842189E60300DCFC14 /* ViewController.m in Sources */ = {isa = PBXBuildFile; fileRef = 0C1EC7832189E60300DCFC14 /* ViewController.m */; };
		0C1EC7872189E60300DCFC14 /* Main.storyboard in Resources */ = {isa = PBXBuildFile; fileRef = 0C1EC7852189E60300DCFC14 /* Main.storyboard */; };
		0C1EC7892189E60400DCFC14 /* Assets.xcassets in Resources */ = {isa = PBXBuildFile; fileRef = 0C1EC7882189E60400DCFC14 /* Assets.xcassets */; };
		0C1EC78C2189E60400DCFC14 /* LaunchScreen.storyboard in Resources */ = {isa = PBXBuildFile; fileRef = 0C1EC78A2189E60400DCFC14 /* LaunchScreen.storyboard */; };
		0C1EC78F2189E60400DCFC14 /* main.m in Sources */ = {isa = PBXBuildFile; fileRef = 0C1EC78E2189E60400DCFC14 /* main.m */; };
		0C1EC7992189E60400DCFC14 /* iOSExampleTests.m in Sources */ = {isa = PBXBuildFile; fileRef = 0C1EC7982189E60400DCFC14 /* iOSExampleTests.m */; };
		0C1EC7A42189E60400DCFC14 /* iOSExampleUITests.m in Sources */ = {isa = PBXBuildFile; fileRef = 0C1EC7A32189E60400DCFC14 /* iOSExampleUITests.m */; };
		5D2D116BA4B47D6BB832BF90 /* libPods-iOSExample.a in Frameworks */ = {isa = PBXBuildFile; fileRef = 7FE3D99620841A3062089B0D /* libPods-iOSExample.a */; };
/* End PBXBuildFile section */

/* Begin PBXContainerItemProxy section */
		0C1EC7952189E60400DCFC14 /* PBXContainerItemProxy */ = {
			isa = PBXContainerItemProxy;
			containerPortal = 0C1EC7742189E60300DCFC14 /* Project object */;
			proxyType = 1;
			remoteGlobalIDString = 0C1EC77B2189E60300DCFC14;
			remoteInfo = iOSExample;
		};
		0C1EC7A02189E60400DCFC14 /* PBXContainerItemProxy */ = {
			isa = PBXContainerItemProxy;
			containerPortal = 0C1EC7742189E60300DCFC14 /* Project object */;
			proxyType = 1;
			remoteGlobalIDString = 0C1EC77B2189E60300DCFC14;
			remoteInfo = iOSExample;
		};
/* End PBXContainerItemProxy section */

/* Begin PBXFileReference section */
		0C1EC77C2189E60300DCFC14 /* iOSExample.app */ = {isa = PBXFileReference; explicitFileType = wrapper.application; includeInIndex = 0; path = iOSExample.app; sourceTree = BUILT_PRODUCTS_DIR; };
		0C1EC77F2189E60300DCFC14 /* AppDelegate.h */ = {isa = PBXFileReference; lastKnownFileType = sourcecode.c.h; path = AppDelegate.h; sourceTree = "<group>"; };
		0C1EC7802189E60300DCFC14 /* AppDelegate.m */ = {isa = PBXFileReference; lastKnownFileType = sourcecode.c.objc; path = AppDelegate.m; sourceTree = "<group>"; };
		0C1EC7822189E60300DCFC14 /* ViewController.h */ = {isa = PBXFileReference; lastKnownFileType = sourcecode.c.h; path = ViewController.h; sourceTree = "<group>"; };
		0C1EC7832189E60300DCFC14 /* ViewController.m */ = {isa = PBXFileReference; lastKnownFileType = sourcecode.c.objc; path = ViewController.m; sourceTree = "<group>"; };
		0C1EC7862189E60300DCFC14 /* Base */ = {isa = PBXFileReference; lastKnownFileType = file.storyboard; name = Base; path = Base.lproj/Main.storyboard; sourceTree = "<group>"; };
		0C1EC7882189E60400DCFC14 /* Assets.xcassets */ = {isa = PBXFileReference; lastKnownFileType = folder.assetcatalog; path = Assets.xcassets; sourceTree = "<group>"; };
		0C1EC78B2189E60400DCFC14 /* Base */ = {isa = PBXFileReference; lastKnownFileType = file.storyboard; name = Base; path = Base.lproj/LaunchScreen.storyboard; sourceTree = "<group>"; };
		0C1EC78D2189E60400DCFC14 /* Info.plist */ = {isa = PBXFileReference; lastKnownFileType = text.plist.xml; path = Info.plist; sourceTree = "<group>"; };
		0C1EC78E2189E60400DCFC14 /* main.m */ = {isa = PBXFileReference; lastKnownFileType = sourcecode.c.objc; path = main.m; sourceTree = "<group>"; };
		0C1EC7942189E60400DCFC14 /* iOSExampleTests.xctest */ = {isa = PBXFileReference; explicitFileType = wrapper.cfbundle; includeInIndex = 0; path = iOSExampleTests.xctest; sourceTree = BUILT_PRODUCTS_DIR; };
		0C1EC7982189E60400DCFC14 /* iOSExampleTests.m */ = {isa = PBXFileReference; lastKnownFileType = sourcecode.c.objc; path = iOSExampleTests.m; sourceTree = "<group>"; };
		0C1EC79A2189E60400DCFC14 /* Info.plist */ = {isa = PBXFileReference; lastKnownFileType = text.plist.xml; path = Info.plist; sourceTree = "<group>"; };
		0C1EC79F2189E60400DCFC14 /* iOSExampleUITests.xctest */ = {isa = PBXFileReference; explicitFileType = wrapper.cfbundle; includeInIndex = 0; path = iOSExampleUITests.xctest; sourceTree = BUILT_PRODUCTS_DIR; };
		0C1EC7A32189E60400DCFC14 /* iOSExampleUITests.m */ = {isa = PBXFileReference; lastKnownFileType = sourcecode.c.objc; path = iOSExampleUITests.m; sourceTree = "<group>"; };
		0C1EC7A52189E60400DCFC14 /* Info.plist */ = {isa = PBXFileReference; lastKnownFileType = text.plist.xml; path = Info.plist; sourceTree = "<group>"; };
		7FE3D99620841A3062089B0D /* libPods-iOSExample.a */ = {isa = PBXFileReference; explicitFileType = archive.ar; includeInIndex = 0; path = "libPods-iOSExample.a"; sourceTree = BUILT_PRODUCTS_DIR; };
		A3D96FE5F9C2538371A79452 /* Pods-iOSExample.debug.xcconfig */ = {isa = PBXFileReference; includeInIndex = 1; lastKnownFileType = text.xcconfig; name = "Pods-iOSExample.debug.xcconfig"; path = "Target Support Files/Pods-iOSExample/Pods-iOSExample.debug.xcconfig"; sourceTree = "<group>"; };
		D19575AD8FAB72461DBFEF56 /* Pods-iOSExample.release.xcconfig */ = {isa = PBXFileReference; includeInIndex = 1; lastKnownFileType = text.xcconfig; name = "Pods-iOSExample.release.xcconfig"; path = "Target Support Files/Pods-iOSExample/Pods-iOSExample.release.xcconfig"; sourceTree = "<group>"; };
/* End PBXFileReference section */

/* Begin PBXFrameworksBuildPhase section */
		0C1EC7792189E60300DCFC14 /* Frameworks */ = {
			isa = PBXFrameworksBuildPhase;
			buildActionMask = 2147483647;
			files = (
				5D2D116BA4B47D6BB832BF90 /* libPods-iOSExample.a in Frameworks */,
			);
			runOnlyForDeploymentPostprocessing = 0;
		};
		0C1EC7912189E60400DCFC14 /* Frameworks */ = {
			isa = PBXFrameworksBuildPhase;
			buildActionMask = 2147483647;
			files = (
			);
			runOnlyForDeploymentPostprocessing = 0;
		};
		0C1EC79C2189E60400DCFC14 /* Frameworks */ = {
			isa = PBXFrameworksBuildPhase;
			buildActionMask = 2147483647;
			files = (
			);
			runOnlyForDeploymentPostprocessing = 0;
		};
/* End PBXFrameworksBuildPhase section */

/* Begin PBXGroup section */
		0C1EC7732189E60300DCFC14 = {
			isa = PBXGroup;
			children = (
				0C1EC77E2189E60300DCFC14 /* iOSExample */,
				0C1EC7972189E60400DCFC14 /* iOSExampleTests */,
				0C1EC7A22189E60400DCFC14 /* iOSExampleUITests */,
				0C1EC77D2189E60300DCFC14 /* Products */,
				D301ECCC724F56613603FDCB /* Pods */,
				13AEAB5B0B0FDBB962796A7D /* Frameworks */,
			);
			sourceTree = "<group>";
		};
		0C1EC77D2189E60300DCFC14 /* Products */ = {
			isa = PBXGroup;
			children = (
				0C1EC77C2189E60300DCFC14 /* iOSExample.app */,
				0C1EC7942189E60400DCFC14 /* iOSExampleTests.xctest */,
				0C1EC79F2189E60400DCFC14 /* iOSExampleUITests.xctest */,
			);
			name = Products;
			sourceTree = "<group>";
		};
		0C1EC77E2189E60300DCFC14 /* iOSExample */ = {
			isa = PBXGroup;
			children = (
				0C1EC77F2189E60300DCFC14 /* AppDelegate.h */,
				0C1EC7802189E60300DCFC14 /* AppDelegate.m */,
				0C1EC7822189E60300DCFC14 /* ViewController.h */,
				0C1EC7832189E60300DCFC14 /* ViewController.m */,
				0C1EC7852189E60300DCFC14 /* Main.storyboard */,
				0C1EC7882189E60400DCFC14 /* Assets.xcassets */,
				0C1EC78A2189E60400DCFC14 /* LaunchScreen.storyboard */,
				0C1EC78D2189E60400DCFC14 /* Info.plist */,
				0C1EC78E2189E60400DCFC14 /* main.m */,
			);
			path = iOSExample;
			sourceTree = "<group>";
		};
		0C1EC7972189E60400DCFC14 /* iOSExampleTests */ = {
			isa = PBXGroup;
			children = (
				0C1EC7982189E60400DCFC14 /* iOSExampleTests.m */,
				0C1EC79A2189E60400DCFC14 /* Info.plist */,
			);
			path = iOSExampleTests;
			sourceTree = "<group>";
		};
		0C1EC7A22189E60400DCFC14 /* iOSExampleUITests */ = {
			isa = PBXGroup;
			children = (
				0C1EC7A32189E60400DCFC14 /* iOSExampleUITests.m */,
				0C1EC7A52189E60400DCFC14 /* Info.plist */,
			);
			path = iOSExampleUITests;
			sourceTree = "<group>";
		};
		13AEAB5B0B0FDBB962796A7D /* Frameworks */ = {
			isa = PBXGroup;
			children = (
				7FE3D99620841A3062089B0D /* libPods-iOSExample.a */,
			);
			name = Frameworks;
			sourceTree = "<group>";
		};
		D301ECCC724F56613603FDCB /* Pods */ = {
			isa = PBXGroup;
			children = (
				A3D96FE5F9C2538371A79452 /* Pods-iOSExample.debug.xcconfig */,
				D19575AD8FAB72461DBFEF56 /* Pods-iOSExample.release.xcconfig */,
			);
			path = Pods;
			sourceTree = "<group>";
		};
/* End PBXGroup section */

/* Begin PBXNativeTarget section */
		0C1EC77B2189E60300DCFC14 /* iOSExample */ = {
			isa = PBXNativeTarget;
			buildConfigurationList = 0C1EC7A82189E60400DCFC14 /* Build configuration list for PBXNativeTarget "iOSExample" */;
			buildPhases = (
				9CE1405F6C5C42549C2FAFB8 /* [CP] Check Pods Manifest.lock */,
				0C1EC7782189E60300DCFC14 /* Sources */,
				0C1EC7792189E60300DCFC14 /* Frameworks */,
				0C1EC77A2189E60300DCFC14 /* Resources */,
			);
			buildRules = (
			);
			dependencies = (
			);
			name = iOSExample;
			productName = iOSExample;
			productReference = 0C1EC77C2189E60300DCFC14 /* iOSExample.app */;
			productType = "com.apple.product-type.application";
		};
		0C1EC7932189E60400DCFC14 /* iOSExampleTests */ = {
			isa = PBXNativeTarget;
			buildConfigurationList = 0C1EC7AB2189E60400DCFC14 /* Build configuration list for PBXNativeTarget "iOSExampleTests" */;
			buildPhases = (
				0C1EC7902189E60400DCFC14 /* Sources */,
				0C1EC7912189E60400DCFC14 /* Frameworks */,
				0C1EC7922189E60400DCFC14 /* Resources */,
			);
			buildRules = (
			);
			dependencies = (
				0C1EC7962189E60400DCFC14 /* PBXTargetDependency */,
			);
			name = iOSExampleTests;
			productName = iOSExampleTests;
			productReference = 0C1EC7942189E60400DCFC14 /* iOSExampleTests.xctest */;
			productType = "com.apple.product-type.bundle.unit-test";
		};
		0C1EC79E2189E60400DCFC14 /* iOSExampleUITests */ = {
			isa = PBXNativeTarget;
			buildConfigurationList = 0C1EC7AE2189E60400DCFC14 /* Build configuration list for PBXNativeTarget "iOSExampleUITests" */;
			buildPhases = (
				0C1EC79B2189E60400DCFC14 /* Sources */,
				0C1EC79C2189E60400DCFC14 /* Frameworks */,
				0C1EC79D2189E60400DCFC14 /* Resources */,
			);
			buildRules = (
			);
			dependencies = (
				0C1EC7A12189E60400DCFC14 /* PBXTargetDependency */,
			);
			name = iOSExampleUITests;
			productName = iOSExampleUITests;
			productReference = 0C1EC79F2189E60400DCFC14 /* iOSExampleUITests.xctest */;
			productType = "com.apple.product-type.bundle.ui-testing";
		};
/* End PBXNativeTarget section */

/* Begin PBXProject section */
		0C1EC7742189E60300DCFC14 /* Project object */ = {
			isa = PBXProject;
			attributes = {
				LastUpgradeCheck = 1000;
				ORGANIZATIONNAME = "宫亚东";
				TargetAttributes = {
					0C1EC77B2189E60300DCFC14 = {
						CreatedOnToolsVersion = 10.0;
					};
					0C1EC7932189E60400DCFC14 = {
						CreatedOnToolsVersion = 10.0;
						TestTargetID = 0C1EC77B2189E60300DCFC14;
					};
					0C1EC79E2189E60400DCFC14 = {
						CreatedOnToolsVersion = 10.0;
						TestTargetID = 0C1EC77B2189E60300DCFC14;
					};
				};
			};
			buildConfigurationList = 0C1EC7772189E60300DCFC14 /* Build configuration list for PBXProject "iOSExample" */;
			compatibilityVersion = "Xcode 9.3";
			developmentRegion = en;
			hasScannedForEncodings = 0;
			knownRegions = (
				en,
				Base,
			);
			mainGroup = 0C1EC7732189E60300DCFC14;
			productRefGroup = 0C1EC77D2189E60300DCFC14 /* Products */;
			projectDirPath = "";
			projectRoot = "";
			targets = (
				0C1EC77B2189E60300DCFC14 /* iOSExample */,
				0C1EC7932189E60400DCFC14 /* iOSExampleTests */,
				0C1EC79E2189E60400DCFC14 /* iOSExampleUITests */,
			);
		};
/* End PBXProject section */

/* Begin PBXResourcesBuildPhase section */
		0C1EC77A2189E60300DCFC14 /* Resources */ = {
			isa = PBXResourcesBuildPhase;
			buildActionMask = 2147483647;
			files = (
				0C1EC78C2189E60400DCFC14 /* LaunchScreen.storyboard in Resources */,
				0C1EC7892189E60400DCFC14 /* Assets.xcassets in Resources */,
				0C1EC7872189E60300DCFC14 /* Main.storyboard in Resources */,
			);
			runOnlyForDeploymentPostprocessing = 0;
		};
		0C1EC7922189E60400DCFC14 /* Resources */ = {
			isa = PBXResourcesBuildPhase;
			buildActionMask = 2147483647;
			files = (
			);
			runOnlyForDeploymentPostprocessing = 0;
		};
		0C1EC79D2189E60400DCFC14 /* Resources */ = {
			isa = PBXResourcesBuildPhase;
			buildActionMask = 2147483647;
			files = (
			);
			runOnlyForDeploymentPostprocessing = 0;
		};
/* End PBXResourcesBuildPhase section */

/* Begin PBXShellScriptBuildPhase section */
		9CE1405F6C5C42549C2FAFB8 /* [CP] Check Pods Manifest.lock */ = {
			isa = PBXShellScriptBuildPhase;
			buildActionMask = 2147483647;
			files = (
			);
			inputFileListPaths = (
			);
			inputPaths = (
				"${PODS_PODFILE_DIR_PATH}/Podfile.lock",
				"${PODS_ROOT}/Manifest.lock",
			);
			name = "[CP] Check Pods Manifest.lock";
			outputFileListPaths = (
			);
			outputPaths = (
				"$(DERIVED_FILE_DIR)/Pods-iOSExample-checkManifestLockResult.txt",
			);
			runOnlyForDeploymentPostprocessing = 0;
			shellPath = /bin/sh;
			shellScript = "diff \"${PODS_PODFILE_DIR_PATH}/Podfile.lock\" \"${PODS_ROOT}/Manifest.lock\" > /dev/null\nif [ $? != 0 ] ; then\n    # print error to STDERR\n    echo \"error: The sandbox is not in sync with the Podfile.lock. Run 'pod install' or update your CocoaPods installation.\" >&2\n    exit 1\nfi\n# This output is used by Xcode 'outputs' to avoid re-running this script phase.\necho \"SUCCESS\" > \"${SCRIPT_OUTPUT_FILE_0}\"\n";
			showEnvVarsInLog = 0;
		};
/* End PBXShellScriptBuildPhase section */

/* Begin PBXSourcesBuildPhase section */
		0C1EC7782189E60300DCFC14 /* Sources */ = {
			isa = PBXSourcesBuildPhase;
			buildActionMask = 2147483647;
			files = (
				0C1EC7842189E60300DCFC14 /* ViewController.m in Sources */,
				0C1EC78F2189E60400DCFC14 /* main.m in Sources */,
				0C1EC7812189E60300DCFC14 /* AppDelegate.m in Sources */,
			);
			runOnlyForDeploymentPostprocessing = 0;
		};
		0C1EC7902189E60400DCFC14 /* Sources */ = {
			isa = PBXSourcesBuildPhase;
			buildActionMask = 2147483647;
			files = (
				0C1EC7992189E60400DCFC14 /* iOSExampleTests.m in Sources */,
			);
			runOnlyForDeploymentPostprocessing = 0;
		};
		0C1EC79B2189E60400DCFC14 /* Sources */ = {
			isa = PBXSourcesBuildPhase;
			buildActionMask = 2147483647;
			files = (
				0C1EC7A42189E60400DCFC14 /* iOSExampleUITests.m in Sources */,
			);
			runOnlyForDeploymentPostprocessing = 0;
		};
/* End PBXSourcesBuildPhase section */

/* Begin PBXTargetDependency section */
		0C1EC7962189E60400DCFC14 /* PBXTargetDependency */ = {
			isa = PBXTargetDependency;
			target = 0C1EC77B2189E60300DCFC14 /* iOSExample */;
			targetProxy = 0C1EC7952189E60400DCFC14 /* PBXContainerItemProxy */;
		};
		0C1EC7A12189E60400DCFC14 /* PBXTargetDependency */ = {
			isa = PBXTargetDependency;
			target = 0C1EC77B2189E60300DCFC14 /* iOSExample */;
			targetProxy = 0C1EC7A02189E60400DCFC14 /* PBXContainerItemProxy */;
		};
/* End PBXTargetDependency section */

/* Begin PBXVariantGroup section */
		0C1EC7852189E60300DCFC14 /* Main.storyboard */ = {
			isa = PBXVariantGroup;
			children = (
				0C1EC7862189E60300DCFC14 /* Base */,
			);
			name = Main.storyboard;
			sourceTree = "<group>";
		};
		0C1EC78A2189E60400DCFC14 /* LaunchScreen.storyboard */ = {
			isa = PBXVariantGroup;
			children = (
				0C1EC78B2189E60400DCFC14 /* Base */,
			);
			name = LaunchScreen.storyboard;
			sourceTree = "<group>";
		};
/* End PBXVariantGroup section */

/* Begin XCBuildConfiguration section */
		0C1EC7A62189E60400DCFC14 /* Debug */ = {
			isa = XCBuildConfiguration;
			buildSettings = {
				ALWAYS_SEARCH_USER_PATHS = NO;
				CLANG_ANALYZER_NONNULL = YES;
				CLANG_ANALYZER_NUMBER_OBJECT_CONVERSION = YES_AGGRESSIVE;
				CLANG_CXX_LANGUAGE_STANDARD = "gnu++14";
				CLANG_CXX_LIBRARY = "libc++";
				CLANG_ENABLE_MODULES = YES;
				CLANG_ENABLE_OBJC_ARC = YES;
				CLANG_ENABLE_OBJC_WEAK = YES;
				CLANG_WARN_BLOCK_CAPTURE_AUTORELEASING = YES;
				CLANG_WARN_BOOL_CONVERSION = YES;
				CLANG_WARN_COMMA = YES;
				CLANG_WARN_CONSTANT_CONVERSION = YES;
				CLANG_WARN_DEPRECATED_OBJC_IMPLEMENTATIONS = YES;
				CLANG_WARN_DIRECT_OBJC_ISA_USAGE = YES_ERROR;
				CLANG_WARN_DOCUMENTATION_COMMENTS = YES;
				CLANG_WARN_EMPTY_BODY = YES;
				CLANG_WARN_ENUM_CONVERSION = YES;
				CLANG_WARN_INFINITE_RECURSION = YES;
				CLANG_WARN_INT_CONVERSION = YES;
				CLANG_WARN_NON_LITERAL_NULL_CONVERSION = YES;
				CLANG_WARN_OBJC_IMPLICIT_RETAIN_SELF = YES;
				CLANG_WARN_OBJC_LITERAL_CONVERSION = YES;
				CLANG_WARN_OBJC_ROOT_CLASS = YES_ERROR;
				CLANG_WARN_RANGE_LOOP_ANALYSIS = YES;
				CLANG_WARN_STRICT_PROTOTYPES = YES;
				CLANG_WARN_SUSPICIOUS_MOVE = YES;
				CLANG_WARN_UNGUARDED_AVAILABILITY = YES_AGGRESSIVE;
				CLANG_WARN_UNREACHABLE_CODE = YES;
				CLANG_WARN__DUPLICATE_METHOD_MATCH = YES;
				CODE_SIGN_IDENTITY = "iPhone Developer";
				COPY_PHASE_STRIP = NO;
				DEBUG_INFORMATION_FORMAT = dwarf;
				ENABLE_STRICT_OBJC_MSGSEND = YES;
				ENABLE_TESTABILITY = YES;
				GCC_C_LANGUAGE_STANDARD = gnu11;
				GCC_DYNAMIC_NO_PIC = NO;
				GCC_NO_COMMON_BLOCKS = YES;
				GCC_OPTIMIZATION_LEVEL = 0;
				GCC_PREPROCESSOR_DEFINITIONS = (
					"DEBUG=1",
					"$(inherited)",
				);
				GCC_WARN_64_TO_32_BIT_CONVERSION = YES;
				GCC_WARN_ABOUT_RETURN_TYPE = YES_ERROR;
				GCC_WARN_UNDECLARED_SELECTOR = YES;
				GCC_WARN_UNINITIALIZED_AUTOS = YES_AGGRESSIVE;
				GCC_WARN_UNUSED_FUNCTION = YES;
				GCC_WARN_UNUSED_VARIABLE = YES;
				IPHONEOS_DEPLOYMENT_TARGET = 12.0;
				MTL_ENABLE_DEBUG_INFO = INCLUDE_SOURCE;
				MTL_FAST_MATH = YES;
				ONLY_ACTIVE_ARCH = YES;
				SDKROOT = iphoneos;
				USER_HEADER_SEARCH_PATHS = "";
			};
			name = Debug;
		};
		0C1EC7A72189E60400DCFC14 /* Release */ = {
			isa = XCBuildConfiguration;
			buildSettings = {
				ALWAYS_SEARCH_USER_PATHS = NO;
				CLANG_ANALYZER_NONNULL = YES;
				CLANG_ANALYZER_NUMBER_OBJECT_CONVERSION = YES_AGGRESSIVE;
				CLANG_CXX_LANGUAGE_STANDARD = "gnu++14";
				CLANG_CXX_LIBRARY = "libc++";
				CLANG_ENABLE_MODULES = YES;
				CLANG_ENABLE_OBJC_ARC = YES;
				CLANG_ENABLE_OBJC_WEAK = YES;
				CLANG_WARN_BLOCK_CAPTURE_AUTORELEASING = YES;
				CLANG_WARN_BOOL_CONVERSION = YES;
				CLANG_WARN_COMMA = YES;
				CLANG_WARN_CONSTANT_CONVERSION = YES;
				CLANG_WARN_DEPRECATED_OBJC_IMPLEMENTATIONS = YES;
				CLANG_WARN_DIRECT_OBJC_ISA_USAGE = YES_ERROR;
				CLANG_WARN_DOCUMENTATION_COMMENTS = YES;
				CLANG_WARN_EMPTY_BODY = YES;
				CLANG_WARN_ENUM_CONVERSION = YES;
				CLANG_WARN_INFINITE_RECURSION = YES;
				CLANG_WARN_INT_CONVERSION = YES;
				CLANG_WARN_NON_LITERAL_NULL_CONVERSION = YES;
				CLANG_WARN_OBJC_IMPLICIT_RETAIN_SELF = YES;
				CLANG_WARN_OBJC_LITERAL_CONVERSION = YES;
				CLANG_WARN_OBJC_ROOT_CLASS = YES_ERROR;
				CLANG_WARN_RANGE_LOOP_ANALYSIS = YES;
				CLANG_WARN_STRICT_PROTOTYPES = YES;
				CLANG_WARN_SUSPICIOUS_MOVE = YES;
				CLANG_WARN_UNGUARDED_AVAILABILITY = YES_AGGRESSIVE;
				CLANG_WARN_UNREACHABLE_CODE = YES;
				CLANG_WARN__DUPLICATE_METHOD_MATCH = YES;
				CODE_SIGN_IDENTITY = "iPhone Developer";
				COPY_PHASE_STRIP = NO;
				DEBUG_INFORMATION_FORMAT = "dwarf-with-dsym";
				ENABLE_NS_ASSERTIONS = NO;
				ENABLE_STRICT_OBJC_MSGSEND = YES;
				GCC_C_LANGUAGE_STANDARD = gnu11;
				GCC_NO_COMMON_BLOCKS = YES;
				GCC_WARN_64_TO_32_BIT_CONVERSION = YES;
				GCC_WARN_ABOUT_RETURN_TYPE = YES_ERROR;
				GCC_WARN_UNDECLARED_SELECTOR = YES;
				GCC_WARN_UNINITIALIZED_AUTOS = YES_AGGRESSIVE;
				GCC_WARN_UNUSED_FUNCTION = YES;
				GCC_WARN_UNUSED_VARIABLE = YES;
				IPHONEOS_DEPLOYMENT_TARGET = 12.0;
				MTL_ENABLE_DEBUG_INFO = NO;
				MTL_FAST_MATH = YES;
				SDKROOT = iphoneos;
				USER_HEADER_SEARCH_PATHS = "";
				VALIDATE_PRODUCT = YES;
			};
			name = Release;
		};
		0C1EC7A92189E60400DCFC14 /* Debug */ = {
			isa = XCBuildConfiguration;
			baseConfigurationReference = A3D96FE5F9C2538371A79452 /* Pods-iOSExample.debug.xcconfig */;
			buildSettings = {
				ASSETCATALOG_COMPILER_APPICON_NAME = AppIcon;
				CODE_SIGN_STYLE = Automatic;
				DEVELOPMENT_TEAM = EMDSS2WME9;
				INFOPLIST_FILE = iOSExample/Info.plist;
				LD_RUNPATH_SEARCH_PATHS = (
					"$(inherited)",
					"@executable_path/Frameworks",
				);
				PRODUCT_BUNDLE_IDENTIFIER = com.pkgogai.iOSExample;
				PRODUCT_NAME = "$(TARGET_NAME)";
				TARGETED_DEVICE_FAMILY = "1,2";
			};
			name = Debug;
		};
		0C1EC7AA2189E60400DCFC14 /* Release */ = {
			isa = XCBuildConfiguration;
			baseConfigurationReference = D19575AD8FAB72461DBFEF56 /* Pods-iOSExample.release.xcconfig */;
			buildSettings = {
				ASSETCATALOG_COMPILER_APPICON_NAME = AppIcon;
				CODE_SIGN_STYLE = Automatic;
				DEVELOPMENT_TEAM = EMDSS2WME9;
				INFOPLIST_FILE = iOSExample/Info.plist;
				LD_RUNPATH_SEARCH_PATHS = (
					"$(inherited)",
					"@executable_path/Frameworks",
				);
				PRODUCT_BUNDLE_IDENTIFIER = com.pkgogai.iOSExample;
				PRODUCT_NAME = "$(TARGET_NAME)";
				TARGETED_DEVICE_FAMILY = "1,2";
			};
			name = Release;
		};
		0C1EC7AC2189E60400DCFC14 /* Debug */ = {
			isa = XCBuildConfiguration;
			buildSettings = {
				BUNDLE_LOADER = "$(TEST_HOST)";
				CODE_SIGN_STYLE = Automatic;
				INFOPLIST_FILE = iOSExampleTests/Info.plist;
				LD_RUNPATH_SEARCH_PATHS = (
					"$(inherited)",
					"@executable_path/Frameworks",
					"@loader_path/Frameworks",
				);
				PRODUCT_BUNDLE_IDENTIFIER = com.pkgogai.iOSExampleTests;
				PRODUCT_NAME = "$(TARGET_NAME)";
				TARGETED_DEVICE_FAMILY = "1,2";
				TEST_HOST = "$(BUILT_PRODUCTS_DIR)/iOSExample.app/iOSExample";
			};
			name = Debug;
		};
		0C1EC7AD2189E60400DCFC14 /* Release */ = {
			isa = XCBuildConfiguration;
			buildSettings = {
				BUNDLE_LOADER = "$(TEST_HOST)";
				CODE_SIGN_STYLE = Automatic;
				INFOPLIST_FILE = iOSExampleTests/Info.plist;
				LD_RUNPATH_SEARCH_PATHS = (
					"$(inherited)",
					"@executable_path/Frameworks",
					"@loader_path/Frameworks",
				);
				PRODUCT_BUNDLE_IDENTIFIER = com.pkgogai.iOSExampleTests;
				PRODUCT_NAME = "$(TARGET_NAME)";
				TARGETED_DEVICE_FAMILY = "1,2";
				TEST_HOST = "$(BUILT_PRODUCTS_DIR)/iOSExample.app/iOSExample";
			};
			name = Release;
		};
		0C1EC7AF2189E60400DCFC14 /* Debug */ = {
			isa = XCBuildConfiguration;
			buildSettings = {
				CODE_SIGN_STYLE = Automatic;
				INFOPLIST_FILE = iOSExampleUITests/Info.plist;
				LD_RUNPATH_SEARCH_PATHS = (
					"$(inherited)",
					"@executable_path/Frameworks",
					"@loader_path/Frameworks",
				);
				PRODUCT_BUNDLE_IDENTIFIER = com.pkgogai.iOSExampleUITests;
				PRODUCT_NAME = "$(TARGET_NAME)";
				TARGETED_DEVICE_FAMILY = "1,2";
				TEST_TARGET_NAME = iOSExample;
			};
			name = Debug;
		};
		0C1EC7B02189E60400DCFC14 /* Release */ = {
			isa = XCBuildConfiguration;
			buildSettings = {
				CODE_SIGN_STYLE = Automatic;
				INFOPLIST_FILE = iOSExampleUITests/Info.plist;
				LD_RUNPATH_SEARCH_PATHS = (
					"$(inherited)",
					"@executable_path/Frameworks",
					"@loader_path/Frameworks",
				);
				PRODUCT_BUNDLE_IDENTIFIER = com.pkgogai.iOSExampleUITests;
				PRODUCT_NAME = "$(TARGET_NAME)";
				TARGETED_DEVICE_FAMILY = "1,2";
				TEST_TARGET_NAME = iOSExample;
			};
			name = Release;
		};
/* End XCBuildConfiguration section */

/* Begin XCConfigurationList section */
		0C1EC7772189E60300DCFC14 /* Build configuration list for PBXProject "iOSExample" */ = {
			isa = XCConfigurationList;
			buildConfigurations = (
				0C1EC7A62189E60400DCFC14 /* Debug */,
				0C1EC7A72189E60400DCFC14 /* Release */,
			);
			defaultConfigurationIsVisible = 0;
			defaultConfigurationName = Release;
		};
		0C1EC7A82189E60400DCFC14 /* Build configuration list for PBXNativeTarget "iOSExample" */ = {
			isa = XCConfigurationList;
			buildConfigurations = (
				0C1EC7A92189E60400DCFC14 /* Debug */,
				0C1EC7AA2189E60400DCFC14 /* Release */,
			);
			defaultConfigurationIsVisible = 0;
			defaultConfigurationName = Release;
		};
		0C1EC7AB2189E60400DCFC14 /* Build configuration list for PBXNativeTarget "iOSExampleTests" */ = {
			isa = XCConfigurationList;
			buildConfigurations = (
				0C1EC7AC2189E60400DCFC14 /* Debug */,
				0C1EC7AD2189E60400DCFC14 /* Release */,
			);
			defaultConfigurationIsVisible = 0;
			defaultConfigurationName = Release;
		};
		0C1EC7AE2189E60400DCFC14 /* Build configuration list for PBXNativeTarget "iOSExampleUITests" */ = {
			isa = XCConfigurationList;
			buildConfigurations = (
				0C1EC7AF2189E60400DCFC14 /* Debug */,
				0C1EC7B02189E60400DCFC14 /* Release */,
			);
			defaultConfigurationIsVisible = 0;
			defaultConfigurationName = Release;
		};
/* End XCConfigurationList section */
	};
	rootObject = 0C1EC7742189E60300DCFC14 /* Project object */;
}
