PODS:
  - FMDB (2.7.5):
    - FMDB/standard (= 2.7.5)
  - FMDB/standard (2.7.5)
  - GYDDebugFoundation (1.0.5):
    - GYDDebugFoundation/GYDDebugInfo (= 1.0.5)
    - GYDDebugFoundation/GYDDebugView (= 1.0.5)
    - GYDDebugFoundation/GYDDemoMenu (= 1.0.5)
    - GYDDebugFoundation/GYDLogUI (= 1.0.5)
    - GYDDebugFoundation/GYDTimeKeeper (= 1.0.5)
    - GYDDebugFoundation/GYDTreeView (= 1.0.5)
    - GYDDebugFoundation/GYDUnreadCount (= 1.0.5)
    - GYDDebugFoundation/GYDViewHierarchy (= 1.0.5)
    - GYDDebugFoundation/GYDViewTips (= 1.0.5)
    - GYDDebugFoundation/Interface (= 1.0.5)
    - GYDFoundation
  - GYDDebugFoundation/GYDDebugInfo (1.0.5):
    - GYDFoundation
  - GYDDebugFoundation/GYDDebugView (1.0.5):
    - GYDFoundation
  - GYDDebugFoundation/GYDDemoMenu (1.0.5):
    - GYDFoundation
  - GYDDebugFoundation/GYDLogUI (1.0.5):
    - GYDFoundation
  - GYDDebugFoundation/GYDTimeKeeper (1.0.5):
    - GYDFoundation
  - GYDDebugFoundation/GYDTreeView (1.0.5):
    - GYDFoundation
  - GYDDebugFoundation/GYDUnreadCount (1.0.5):
    - GYDFoundation
  - GYDDebugFoundation/GYDViewHierarchy (1.0.5):
    - GYDFoundation
  - GYDDebugFoundation/GYDViewTips (1.0.5):
    - GYDFoundation
  - GYDDebugFoundation/Interface (1.0.5):
    - GYDFoundation
  - GYDFoundation (1.0.5):
    - GYDFoundation/GYDDatabase (= 1.0.5)
    - GYDFoundation/GYDFoundation (= 1.0.5)
    - GYDFoundation/GYDHTTPConnect (= 1.0.5)
    - GYDFoundation/GYDJSONObject (= 1.0.5)
    - GYDFoundation/GYDModuleInterface (= 1.0.5)
  - GYDFoundation/Development (1.0.5):
    - GYDFoundation/GYDFoundation
  - GYDFoundation/GYDDatabase (1.0.5):
    - FMDB
    - GYDFoundation/GYDFoundation
  - GYDFoundation/GYDFoundation (1.0.5)
  - GYDFoundation/GYDHTTPConnect (1.0.5):
    - GYDFoundation/GYDFoundation
  - GYDFoundation/GYDJSONObject (1.0.5):
    - GYDFoundation/GYDFoundation
  - GYDFoundation/GYDModuleInterface (1.0.5):
    - GYDFoundation/GYDFoundation
  - GYDFoundation/Tests/GYDDatabase (1.0.5)
  - GYDFoundation/Tests/GYDFoundation (1.0.5)
  - GYDFoundation/Tests/GYDHTTPConnect (1.0.5)
  - GYDFoundation/Tests/GYDJSONObject (1.0.5)
  - GYDFoundationDemo (1.0.5):
    - GYDDebugFoundation
    - GYDFoundation
    - GYDFoundationDemo/GYDDatabase (= 1.0.5)
    - GYDFoundationDemo/GYDDebugUnreadCountDemo (= 1.0.5)
    - GYDFoundationDemo/GYDDebugViewHierarchyDemo (= 1.0.5)
    - GYDFoundationDemo/GYDDebugViewTipsDemo (= 1.0.5)
    - GYDFoundationDemo/GYDDemoMenu (= 1.0.5)
    - GYDFoundationDemo/GYDFoundation (= 1.0.5)
    - GYDFoundationDemo/GYDHorizontalTreeViewDemo (= 1.0.5)
    - GYDFoundationDemo/GYDHTTPConnect (= 1.0.5)
    - GYDFoundationDemo/GYDJSONObject (= 1.0.5)
    - GYDFoundationDemo/GYDModuleInterface (= 1.0.5)
    - GYDFoundationDemo/GYDShellTools (= 1.0.5)
    - GYDFoundationDemo/GYDTimeKeeperDemo (= 1.0.5)
  - GYDFoundationDemo/GYDDatabase (1.0.5):
    - GYDDebugFoundation
    - GYDFoundation
  - GYDFoundationDemo/GYDDebugUnreadCountDemo (1.0.5):
    - GYDDebugFoundation
    - GYDFoundation
  - GYDFoundationDemo/GYDDebugViewHierarchyDemo (1.0.5):
    - GYDDebugFoundation
    - GYDFoundation
  - GYDFoundationDemo/GYDDebugViewTipsDemo (1.0.5):
    - GYDDebugFoundation
    - GYDFoundation
  - GYDFoundationDemo/GYDDemoMenu (1.0.5):
    - GYDDebugFoundation
    - GYDFoundation
  - GYDFoundationDemo/GYDFoundation (1.0.5):
    - GYDDebugFoundation
    - GYDFoundation
  - GYDFoundationDemo/GYDHorizontalTreeViewDemo (1.0.5):
    - GYDDebugFoundation
    - GYDFoundation
  - GYDFoundationDemo/GYDHTTPConnect (1.0.5):
    - GYDDebugFoundation
    - GYDFoundation
  - GYDFoundationDemo/GYDJSONObject (1.0.5):
    - GYDDebugFoundation
    - GYDFoundation
  - GYDFoundationDemo/GYDModuleInterface (1.0.5):
    - GYDDebugFoundation
    - GYDFoundation
  - GYDFoundationDemo/GYDShellTools (1.0.5):
    - GYDDebugFoundation
    - GYDFoundation
  - GYDFoundationDemo/GYDTimeKeeperDemo (1.0.5):
    - GYDDebugFoundation
    - GYDFoundation

DEPENDENCIES:
  - GYDDebugFoundation (from `../`)
  - GYDFoundation/Development (from `../`)
  - GYDFoundation/GYDDatabase (from `../`)
  - GYDFoundation/GYDFoundation (from `../`)
  - GYDFoundation/GYDHTTPConnect (from `../`)
  - GYDFoundation/GYDJSONObject (from `../`)
  - GYDFoundation/GYDModuleInterface (from `../`)
  - GYDFoundation/Tests/GYDDatabase (from `../`)
  - GYDFoundation/Tests/GYDFoundation (from `../`)
  - GYDFoundation/Tests/GYDHTTPConnect (from `../`)
  - GYDFoundation/Tests/GYDJSONObject (from `../`)
  - GYDFoundationDemo (from `../`)

SPEC REPOS:
  trunk:
    - FMDB

EXTERNAL SOURCES:
  GYDDebugFoundation:
    :path: "../"
  GYDFoundation:
    :path: "../"
  GYDFoundationDemo:
    :path: "../"

SPEC CHECKSUMS:
  FMDB: 2ce00b547f966261cd18927a3ddb07cb6f3db82a
  GYDDebugFoundation: c86d1d33832ba07e0519c160e701e021bb658d67
  GYDFoundation: 55ebbc864f6b9780a0fd4bf8174720e4817163da
  GYDFoundationDemo: b2f3508175ee986c43a4bceeae67080cef48fe29

PODFILE CHECKSUM: 3b778afd257de5825d18deb284f1df70d3d45179

COCOAPODS: 1.11.2
