PODS:
  - FMDB (2.7.5):
    - FMDB/standard (= 2.7.5)
  - FMDB/standard (2.7.5)
  - GYDFoundation/GYDDatabase (0.0.5):
    - FMDB
    - GYDFoundation/GYDFoundation
  - GYDFoundation/GYDFoundation (0.0.5)
  - GYDFoundation/GYDHTTPConnect (0.0.5):
    - GYDFoundation/GYDFoundation
  - GYDFoundation/GYDJSONObject (0.0.5):
    - GYDFoundation/GYDFoundation
  - GYDFoundation/iOSDemo (0.0.5):
    - GYDFoundation/iOSDemo/GYDDatabase (= 0.0.5)
    - GYDFoundation/iOSDemo/GYDFoundation (= 0.0.5)
    - GYDFoundation/iOSDemo/GYDHTTPConnect (= 0.0.5)
    - GYDFoundation/iOSDemo/GYDJSONObject (= 0.0.5)
  - GYDFoundation/iOSDemo/GYDDatabase (0.0.5):
    - GYDFoundation/GYDDatabase
  - GYDFoundation/iOSDemo/GYDFoundation (0.0.5):
    - GYDFoundation/GYDFoundation
  - GYDFoundation/iOSDemo/GYDHTTPConnect (0.0.5):
    - GYDFoundation/GYDHTTPConnect
  - GYDFoundation/iOSDemo/GYDJSONObject (0.0.5):
    - GYDFoundation/GYDJSONObject
  - GYDFoundation/Tests/GYDDatabase (0.0.5)
  - GYDFoundation/Tests/GYDFoundation (0.0.5)
  - GYDFoundation/Tests/GYDHTTPConnect (0.0.5)
  - GYDFoundation/Tests/GYDJSONObject (0.0.5)

DEPENDENCIES:
  - GYDFoundation/iOSDemo (from `../`)
  - GYDFoundation/Tests/GYDDatabase (from `../`)
  - GYDFoundation/Tests/GYDFoundation (from `../`)
  - GYDFoundation/Tests/GYDHTTPConnect (from `../`)
  - GYDFoundation/Tests/GYDJSONObject (from `../`)

SPEC REPOS:
  trunk:
    - FMDB

EXTERNAL SOURCES:
  GYDFoundation:
    :path: "../"

SPEC CHECKSUMS:
  FMDB: 2ce00b547f966261cd18927a3ddb07cb6f3db82a
  GYDFoundation: 9c5af8b8ac7988d8a2ee80c31a5cfb9588db60ae

PODFILE CHECKSUM: d653a027329f4025de0c07c29727eb05739e9d5b

COCOAPODS: 1.10.0
